# This file is autogenerated, do not edit; changes may be undone by the next 'dep ensure'.


[[projects]]
  branch = "master"
  name = "github.com/ajstarks/svgo"
  packages = ["."]
  revision = "fec71ff44529c89ddb4211a62f3d672f31e50bc5"

[solve-meta]
  analyzer-name = "dep"
  analyzer-version = 1
  inputs-digest = "d966fd2b85c130d7f8a3c4c20f0508536bf343ae55d14ec0384edbeaaec7b5fe"
  solver-name = "gps-cdcl"
  solver-version = 1
